<?xml version="1.0" encoding="utf-8"?>
<Project ToolsVersion="4.0" xmlns="http://schemas.microsoft.com/developer/msbuild/2003">
  <ItemGroup>
    <Filter Include="Исходные файлы">
      <UniqueIdentifier>{4FC737F1-C7A5-4376-A066-2A32D752A2FF}</UniqueIdentifier>
      <Extensions>cpp;c;cc;cxx;def;odl;idl;hpj;bat;asm;asmx</Extensions>
    </Filter>
    <Filter Include="Файлы заголовков">
      <UniqueIdentifier>{93995380-89BD-4b04-88EB-625FBE52EBFB}</UniqueIdentifier>
      <Extensions>h;hh;hpp;hxx;hm;inl;inc;ipp;xsd</Extensions>
    </Filter>
    <Filter Include="Файлы ресурсов">
      <UniqueIdentifier>{67DA6AB6-F800-4c08-8B7A-83BB121AAD01}</UniqueIdentifier>
      <Extensions>rc;ico;cur;bmp;dlg;rc2;rct;bin;rgs;gif;jpg;jpeg;jpe;resx;tiff;tif;png;wav;mfcribbon-ms</Extensions>
    </Filter>
  </ItemGroup>
  <ItemGroup>
    <ClCompile Include="main.cpp">
      <Filter>Исходные файлы</Filter>
    </ClCompile>
    <ClCompile Include="FEGrid2.cpp">
      <Filter>Исходные файлы</Filter>
    </ClCompile>
    <ClCompile Include="FElement2.cpp">
      <Filter>Исходные файлы</Filter>
    </ClCompile>
    <ClCompile Include="Grid2.cpp">
      <Filter>Исходные файлы</Filter>
    </ClCompile>
    <ClCompile Include="LOS.cpp">
      <Filter>Исходные файлы</Filter>
    </ClCompile>
    <ClCompile Include="StabilizedBiorderedGradient.cpp">
      <Filter>Исходные файлы</Filter>
    </ClCompile>
    <ClCompile Include="Gauss2.cpp">
      <Filter>Исходные файлы</Filter>
    </ClCompile>
    <ClCompile Include="BasicFuncFabric.cpp">
      <Filter>Исходные файлы</Filter>
    </ClCompile>
    <ClCompile Include="GarmonicTest.cpp">
      <Filter>Исходные файлы</Filter>
    </ClCompile>
    <ClCompile Include="GarmonicTask.cpp">
      <Filter>Исходные файлы</Filter>
    </ClCompile>
    <ClCompile Include="ReverseSolver.cpp">
      <Filter>Исходные файлы</Filter>
    </ClCompile>
    <ClCompile Include="MonolithMap.cpp">
      <Filter>Исходные файлы</Filter>
    </ClCompile>
    <ClCompile Include="LayeredMap.cpp">
      <Filter>Исходные файлы</Filter>
    </ClCompile>
  </ItemGroup>
  <ItemGroup>
    <Text Include="mainGrid.txt">
      <Filter>Файлы ресурсов</Filter>
    </Text>
    <Text Include="xKoeff.txt">
      <Filter>Файлы ресурсов</Filter>
    </Text>
    <Text Include="yKoeff.txt">
      <Filter>Файлы ресурсов</Filter>
    </Text>
    <Text Include="result.txt">
      <Filter>Файлы ресурсов</Filter>
    </Text>
    <Text Include="material.txt">
      <Filter>Файлы ресурсов</Filter>
    </Text>
    <Text Include="tempMatrix.txt">
      <Filter>Файлы ресурсов</Filter>
    </Text>
    <Text Include="tempVector.txt">
      <Filter>Файлы ресурсов</Filter>
    </Text>
  </ItemGroup>
  <ItemGroup>
    <ClInclude Include="FEGrid2.h">
      <Filter>Файлы заголовков</Filter>
    </ClInclude>
    <ClInclude Include="FElement2.h">
      <Filter>Файлы заголовков</Filter>
    </ClInclude>
    <ClInclude Include="Grid2.h">
      <Filter>Файлы заголовков</Filter>
    </ClInclude>
    <ClInclude Include="LOS.h">
      <Filter>Файлы заголовков</Filter>
    </ClInclude>
    <ClInclude Include="StabilizedBiorderedGradient.h">
      <Filter>Файлы заголовков</Filter>
    </ClInclude>
    <ClInclude Include="Gauss2.h">
      <Filter>Файлы заголовков</Filter>
    </ClInclude>
    <ClInclude Include="BasicFuncFabric.h">
      <Filter>Файлы заголовков</Filter>
    </ClInclude>
    <ClInclude Include="BuilderGlobal.h">
      <Filter>Файлы заголовков</Filter>
    </ClInclude>
    <ClInclude Include="GarmonicTest.h">
      <Filter>Файлы заголовков</Filter>
    </ClInclude>
    <ClInclude Include="GarmonicTask.h">
      <Filter>Файлы заголовков</Filter>
    </ClInclude>
    <ClInclude Include="ReverseSolver.h">
      <Filter>Файлы заголовков</Filter>
    </ClInclude>
    <ClInclude Include="MaterialMap.h">
      <Filter>Файлы заголовков</Filter>
    </ClInclude>
    <ClInclude Include="Task.h">
      <Filter>Файлы заголовков</Filter>
    </ClInclude>
    <ClInclude Include="MonolithMap.h">
      <Filter>Файлы заголовков</Filter>
    </ClInclude>
    <ClInclude Include="LayeredMap.h">
      <Filter>Файлы заголовков</Filter>
    </ClInclude>
  </ItemGroup>
</Project>